
Microsoft Visual Studio Solution File, Format Version 12.00
# Visual Studio Version 16
VisualStudioVersion = 16.0.31402.337
MinimumVisualStudioVersion = 10.0.40219.1
Project("{FAE04EC0-301F-11D3-BF4B-00C04F79EFBC}") = "OLAPFinal", "OLAPFinal.csproj", "{DA421A14-39FB-46A4-A5D6-7BD4E734C215}"
EndProject
Global
	GlobalSection(SolutionConfigurationPlatforms) = preSolution
		Debug|Any CPU = Debug|Any CPU
		Release|Any CPU = Release|Any CPU
	EndGlobalSection
	GlobalSection(ProjectConfigurationPlatforms) = postSolution
		{DA421A14-39FB-46A4-A5D6-7BD4E734C215}.Debug|Any CPU.ActiveCfg = Debug|Any CPU
		{DA421A14-39FB-46A4-A5D6-7BD4E734C215}.Debug|Any CPU.Build.0 = Debug|Any CPU
		{DA421A14-39FB-46A4-A5D6-7BD4E734C215}.Release|Any CPU.ActiveCfg = Release|Any CPU
		{DA421A14-39FB-46A4-A5D6-7BD4E734C215}.Release|Any CPU.Build.0 = Release|Any CPU
	EndGlobalSection
	GlobalSection(SolutionProperties) = preSolution
		HideSolutionNode = FALSE
	EndGlobalSection
	GlobalSection(ExtensibilityGlobals) = postSolution
		SolutionGuid = {2D7D84B2-82E4-41A9-988B-29D3E78C263B}
	EndGlobalSection
EndGlobal
